
Microsoft Visual Studio Solution File, Format Version 12.00
# Visual Studio 2012
Project("{FAE04EC0-301F-11D3-BF4B-00C04F79EFBC}") = "LibusoftCicomWinForms", "LibusoftCicomWinForms\LibusoftCicomWinForms.csproj", "{B02476DD-D84A-400C-AAC4-0A835D9AE590}"
EndProject
Global
	GlobalSection(SolutionConfigurationPlatforms) = preSolution
		Debug|Any CPU = Debug|Any CPU
		Release|Any CPU = Release|Any CPU
	EndGlobalSection
	GlobalSection(ProjectConfigurationPlatforms) = postSolution
		{B02476DD-D84A-400C-AAC4-0A835D9AE590}.Debug|Any CPU.ActiveCfg = Debug|Any CPU
		{B02476DD-D84A-400C-AAC4-0A835D9AE590}.Debug|Any CPU.Build.0 = Debug|Any CPU
		{B02476DD-D84A-400C-AAC4-0A835D9AE590}.Release|Any CPU.ActiveCfg = Release|Any CPU
		{B02476DD-D84A-400C-AAC4-0A835D9AE590}.Release|Any CPU.Build.0 = Release|Any CPU
	EndGlobalSection
	GlobalSection(SolutionProperties) = preSolution
		HideSolutionNode = FALSE
	EndGlobalSection
EndGlobal
